
Microsoft Visual Studio Solution File, Format Version 12.00
# Visual Studio Version 17
VisualStudioVersion = 17.0.31717.71
MinimumVisualStudioVersion = 10.0.40219.1
Project("{FAE04EC0-301F-11D3-BF4B-00C04F79EFBC}") = "news", "news\news.csproj", "{482AB261-5F21-4DD0-9CB0-40649D281F64}"
EndProject
Global
	GlobalSection(SolutionConfigurationPlatforms) = preSolution
		Debug|Any CPU = Debug|Any CPU
		Release|Any CPU = Release|Any CPU
	EndGlobalSection
	GlobalSection(ProjectConfigurationPlatforms) = postSolution
		{482AB261-5F21-4DD0-9CB0-40649D281F64}.Debug|Any CPU.ActiveCfg = Debug|Any CPU
		{482AB261-5F21-4DD0-9CB0-40649D281F64}.Debug|Any CPU.Build.0 = Debug|Any CPU
		{482AB261-5F21-4DD0-9CB0-40649D281F64}.Release|Any CPU.ActiveCfg = Release|Any CPU
		{482AB261-5F21-4DD0-9CB0-40649D281F64}.Release|Any CPU.Build.0 = Release|Any CPU
	EndGlobalSection
	GlobalSection(SolutionProperties) = preSolution
		HideSolutionNode = FALSE
	EndGlobalSection
	GlobalSection(ExtensibilityGlobals) = postSolution
		SolutionGuid = {4B1A5ECB-3C76-44E2-82B9-14095B7B37A7}
	EndGlobalSection
EndGlobal
